
Microsoft Visual Studio Solution File, Format Version 12.00
# Visual Studio 15
VisualStudioVersion = 15.0.26124.0
MinimumVisualStudioVersion = 15.0.26124.0
Project("{2150E333-8FDC-42A3-9474-1A3956D46DE8}") = "src", "src", "{0B541C84-C061-4044-9525-69B59D4152DF}"
EndProject
Project("{FAE04EC0-301F-11D3-BF4B-00C04F79EFBC}") = "IdentityServer", "src\IdentityServer\IdentityServer.csproj", "{07B66DEF-08E9-4CEE-8981-AE3D3D6D7D73}"
EndProject
Project("{FAE04EC0-301F-11D3-BF4B-00C04F79EFBC}") = "Api", "src\Api\Api.csproj", "{752B4BE1-150C-415C-9F02-93D788073B11}"
EndProject
Project("{FAE04EC0-301F-11D3-BF4B-00C04F79EFBC}") = "Client", "src\Client\Client.csproj", "{F24696EE-605E-4DA3-B9A6-D8609700D662}"
EndProject
Project("{FAE04EC0-301F-11D3-BF4B-00C04F79EFBC}") = "MvcClient", "src\MvcClient\MvcClient.csproj", "{242D0A6D-2D10-4EBD-B633-F1FACBA93285}"
EndProject
Project("{FAE04EC0-301F-11D3-BF4B-00C04F79EFBC}") = "JavaScriptClient", "src\JavaScriptClient\JavaScriptClient.csproj", "{EEC073BA-42FE-44F4-A425-AA10FD7F4A02}"
EndProject
Project("{FAE04EC0-301F-11D3-BF4B-00C04F79EFBC}") = "IdentityServerAspNetIdentity", "src\IdentityServerAspNetIdentity\IdentityServerAspNetIdentity.csproj", "{84161111-F9DA-4ABD-94F7-0B0620BEFB21}"
EndProject
Global
	GlobalSection(SolutionConfigurationPlatforms) = preSolution
		Debug|Any CPU = Debug|Any CPU
		Debug|x64 = Debug|x64
		Debug|x86 = Debug|x86
		Release|Any CPU = Release|Any CPU
		Release|x64 = Release|x64
		Release|x86 = Release|x86
	EndGlobalSection
	GlobalSection(SolutionProperties) = preSolution
		HideSolutionNode = FALSE
	EndGlobalSection
	GlobalSection(ProjectConfigurationPlatforms) = postSolution
		{07B66DEF-08E9-4CEE-8981-AE3D3D6D7D73}.Debug|Any CPU.ActiveCfg = Debug|Any CPU
		{07B66DEF-08E9-4CEE-8981-AE3D3D6D7D73}.Debug|Any CPU.Build.0 = Debug|Any CPU
		{07B66DEF-08E9-4CEE-8981-AE3D3D6D7D73}.Debug|x64.ActiveCfg = Debug|Any CPU
		{07B66DEF-08E9-4CEE-8981-AE3D3D6D7D73}.Debug|x64.Build.0 = Debug|Any CPU
		{07B66DEF-08E9-4CEE-8981-AE3D3D6D7D73}.Debug|x86.ActiveCfg = Debug|Any CPU
		{07B66DEF-08E9-4CEE-8981-AE3D3D6D7D73}.Debug|x86.Build.0 = Debug|Any CPU
		{07B66DEF-08E9-4CEE-8981-AE3D3D6D7D73}.Release|Any CPU.ActiveCfg = Release|Any CPU
		{07B66DEF-08E9-4CEE-8981-AE3D3D6D7D73}.Release|Any CPU.Build.0 = Release|Any CPU
		{07B66DEF-08E9-4CEE-8981-AE3D3D6D7D73}.Release|x64.ActiveCfg = Release|Any CPU
		{07B66DEF-08E9-4CEE-8981-AE3D3D6D7D73}.Release|x64.Build.0 = Release|Any CPU
		{07B66DEF-08E9-4CEE-8981-AE3D3D6D7D73}.Release|x86.ActiveCfg = Release|Any CPU
		{07B66DEF-08E9-4CEE-8981-AE3D3D6D7D73}.Release|x86.Build.0 = Release|Any CPU
		{752B4BE1-150C-415C-9F02-93D788073B11}.Debug|Any CPU.ActiveCfg = Debug|Any CPU
		{752B4BE1-150C-415C-9F02-93D788073B11}.Debug|Any CPU.Build.0 = Debug|Any CPU
		{752B4BE1-150C-415C-9F02-93D788073B11}.Debug|x64.ActiveCfg = Debug|Any CPU
		{752B4BE1-150C-415C-9F02-93D788073B11}.Debug|x64.Build.0 = Debug|Any CPU
		{752B4BE1-150C-415C-9F02-93D788073B11}.Debug|x86.ActiveCfg = Debug|Any CPU
		{752B4BE1-150C-415C-9F02-93D788073B11}.Debug|x86.Build.0 = Debug|Any CPU
		{752B4BE1-150C-415C-9F02-93D788073B11}.Release|Any CPU.ActiveCfg = Release|Any CPU
		{752B4BE1-150C-415C-9F02-93D788073B11}.Release|Any CPU.Build.0 = Release|Any CPU
		{752B4BE1-150C-415C-9F02-93D788073B11}.Release|x64.ActiveCfg = Release|Any CPU
		{752B4BE1-150C-415C-9F02-93D788073B11}.Release|x64.Build.0 = Release|Any CPU
		{752B4BE1-150C-415C-9F02-93D788073B11}.Release|x86.ActiveCfg = Release|Any CPU
		{752B4BE1-150C-415C-9F02-93D788073B11}.Release|x86.Build.0 = Release|Any CPU
		{F24696EE-605E-4DA3-B9A6-D8609700D662}.Debug|Any CPU.ActiveCfg = Debug|Any CPU
		{F24696EE-605E-4DA3-B9A6-D8609700D662}.Debug|Any CPU.Build.0 = Debug|Any CPU
		{F24696EE-605E-4DA3-B9A6-D8609700D662}.Debug|x64.ActiveCfg = Debug|Any CPU
		{F24696EE-605E-4DA3-B9A6-D8609700D662}.Debug|x64.Build.0 = Debug|Any CPU
		{F24696EE-605E-4DA3-B9A6-D8609700D662}.Debug|x86.ActiveCfg = Debug|Any CPU
		{F24696EE-605E-4DA3-B9A6-D8609700D662}.Debug|x86.Build.0 = Debug|Any CPU
		{F24696EE-605E-4DA3-B9A6-D8609700D662}.Release|Any CPU.ActiveCfg = Release|Any CPU
		{F24696EE-605E-4DA3-B9A6-D8609700D662}.Release|Any CPU.Build.0 = Release|Any CPU
		{F24696EE-605E-4DA3-B9A6-D8609700D662}.Release|x64.ActiveCfg = Release|Any CPU
		{F24696EE-605E-4DA3-B9A6-D8609700D662}.Release|x64.Build.0 = Release|Any CPU
		{F24696EE-605E-4DA3-B9A6-D8609700D662}.Release|x86.ActiveCfg = Release|Any CPU
		{F24696EE-605E-4DA3-B9A6-D8609700D662}.Release|x86.Build.0 = Release|Any CPU
		{242D0A6D-2D10-4EBD-B633-F1FACBA93285}.Debug|Any CPU.ActiveCfg = Debug|Any CPU
		{242D0A6D-2D10-4EBD-B633-F1FACBA93285}.Debug|Any CPU.Build.0 = Debug|Any CPU
		{242D0A6D-2D10-4EBD-B633-F1FACBA93285}.Debug|x64.ActiveCfg = Debug|Any CPU
		{242D0A6D-2D10-4EBD-B633-F1FACBA93285}.Debug|x64.Build.0 = Debug|Any CPU
		{242D0A6D-2D10-4EBD-B633-F1FACBA93285}.Debug|x86.ActiveCfg = Debug|Any CPU
		{242D0A6D-2D10-4EBD-B633-F1FACBA93285}.Debug|x86.Build.0 = Debug|Any CPU
		{242D0A6D-2D10-4EBD-B633-F1FACBA93285}.Release|Any CPU.ActiveCfg = Release|Any CPU
		{242D0A6D-2D10-4EBD-B633-F1FACBA93285}.Release|Any CPU.Build.0 = Release|Any CPU
		{242D0A6D-2D10-4EBD-B633-F1FACBA93285}.Release|x64.ActiveCfg = Release|Any CPU
		{242D0A6D-2D10-4EBD-B633-F1FACBA93285}.Release|x64.Build.0 = Release|Any CPU
		{242D0A6D-2D10-4EBD-B633-F1FACBA93285}.Release|x86.ActiveCfg = Release|Any CPU
		{242D0A6D-2D10-4EBD-B633-F1FACBA93285}.Release|x86.Build.0 = Release|Any CPU
		{EEC073BA-42FE-44F4-A425-AA10FD7F4A02}.Debug|Any CPU.ActiveCfg = Debug|Any CPU
		{EEC073BA-42FE-44F4-A425-AA10FD7F4A02}.Debug|Any CPU.Build.0 = Debug|Any CPU
		{EEC073BA-42FE-44F4-A425-AA10FD7F4A02}.Debug|x64.ActiveCfg = Debug|Any CPU
		{EEC073BA-42FE-44F4-A425-AA10FD7F4A02}.Debug|x64.Build.0 = Debug|Any CPU
		{EEC073BA-42FE-44F4-A425-AA10FD7F4A02}.Debug|x86.ActiveCfg = Debug|Any CPU
		{EEC073BA-42FE-44F4-A425-AA10FD7F4A02}.Debug|x86.Build.0 = Debug|Any CPU
		{EEC073BA-42FE-44F4-A425-AA10FD7F4A02}.Release|Any CPU.ActiveCfg = Release|Any CPU
		{EEC073BA-42FE-44F4-A425-AA10FD7F4A02}.Release|Any CPU.Build.0 = Release|Any CPU
		{EEC073BA-42FE-44F4-A425-AA10FD7F4A02}.Release|x64.ActiveCfg = Release|Any CPU
		{EEC073BA-42FE-44F4-A425-AA10FD7F4A02}.Release|x64.Build.0 = Release|Any CPU
		{EEC073BA-42FE-44F4-A425-AA10FD7F4A02}.Release|x86.ActiveCfg = Release|Any CPU
		{EEC073BA-42FE-44F4-A425-AA10FD7F4A02}.Release|x86.Build.0 = Release|Any CPU
		{84161111-F9DA-4ABD-94F7-0B0620BEFB21}.Debug|Any CPU.ActiveCfg = Debug|Any CPU
		{84161111-F9DA-4ABD-94F7-0B0620BEFB21}.Debug|Any CPU.Build.0 = Debug|Any CPU
		{84161111-F9DA-4ABD-94F7-0B0620BEFB21}.Debug|x64.ActiveCfg = Debug|Any CPU
		{84161111-F9DA-4ABD-94F7-0B0620BEFB21}.Debug|x64.Build.0 = Debug|Any CPU
		{84161111-F9DA-4ABD-94F7-0B0620BEFB21}.Debug|x86.ActiveCfg = Debug|Any CPU
		{84161111-F9DA-4ABD-94F7-0B0620BEFB21}.Debug|x86.Build.0 = Debug|Any CPU
		{84161111-F9DA-4ABD-94F7-0B0620BEFB21}.Release|Any CPU.ActiveCfg = Release|Any CPU
		{84161111-F9DA-4ABD-94F7-0B0620BEFB21}.Release|Any CPU.Build.0 = Release|Any CPU
		{84161111-F9DA-4ABD-94F7-0B0620BEFB21}.Release|x64.ActiveCfg = Release|Any CPU
		{84161111-F9DA-4ABD-94F7-0B0620BEFB21}.Release|x64.Build.0 = Release|Any CPU
		{84161111-F9DA-4ABD-94F7-0B0620BEFB21}.Release|x86.ActiveCfg = Release|Any CPU
		{84161111-F9DA-4ABD-94F7-0B0620BEFB21}.Release|x86.Build.0 = Release|Any CPU
	EndGlobalSection
	GlobalSection(NestedProjects) = preSolution
		{07B66DEF-08E9-4CEE-8981-AE3D3D6D7D73} = {0B541C84-C061-4044-9525-69B59D4152DF}
		{752B4BE1-150C-415C-9F02-93D788073B11} = {0B541C84-C061-4044-9525-69B59D4152DF}
		{F24696EE-605E-4DA3-B9A6-D8609700D662} = {0B541C84-C061-4044-9525-69B59D4152DF}
		{242D0A6D-2D10-4EBD-B633-F1FACBA93285} = {0B541C84-C061-4044-9525-69B59D4152DF}
		{EEC073BA-42FE-44F4-A425-AA10FD7F4A02} = {0B541C84-C061-4044-9525-69B59D4152DF}
		{84161111-F9DA-4ABD-94F7-0B0620BEFB21} = {0B541C84-C061-4044-9525-69B59D4152DF}
	EndGlobalSection
EndGlobal
